// !$*UTF8*$!
{
	archiveVersion = 1;
	classes = {
	};
	objectVersion = 56;
	objects = {

/* Begin PBXBuildFile section */
		5B1D427C2BCAF0C60065F587 /* SearchLocationView.swift in Sources */ = {isa = PBXBuildFile; fileRef = 5B1D427B2BCAF0C60065F587 /* SearchLocationView.swift */; };
		5B1D42802BCAFC8D0065F587 /* View+Extension.swift in Sources */ = {isa = PBXBuildFile; fileRef = 5B1D427F2BCAFC8D0065F587 /* View+Extension.swift */; };
		5B1D42832BCB848E0065F587 /* Cities.json in Resources */ = {isa = PBXBuildFile; fileRef = 5B1D42822BCB848E0065F587 /* Cities.json */; };
		5B1D42862BCB855E0065F587 /* SearchLocationViewModel.swift in Sources */ = {isa = PBXBuildFile; fileRef = 5B1D42852BCB855E0065F587 /* SearchLocationViewModel.swift */; };
		5B1D42882BCB85890065F587 /* City.swift in Sources */ = {isa = PBXBuildFile; fileRef = 5B1D42872BCB85890065F587 /* City.swift */; };
		5B1D428A2BCC28B20065F587 /* String+Extension.swift in Sources */ = {isa = PBXBuildFile; fileRef = 5B1D42892BCC28B20065F587 /* String+Extension.swift */; };
		5B2DBBA02BCD5EE30072B034 /* LocationManager.swift in Sources */ = {isa = PBXBuildFile; fileRef = 5B2DBB9F2BCD5EE30072B034 /* LocationManager.swift */; };
		5B99D0CA2BC9488800E04216 /* WeatherForecastAppApp.swift in Sources */ = {isa = PBXBuildFile; fileRef = 5B99D0C92BC9488800E04216 /* WeatherForecastAppApp.swift */; };
		5B99D0CE2BC9488A00E04216 /* Assets.xcassets in Resources */ = {isa = PBXBuildFile; fileRef = 5B99D0CD2BC9488A00E04216 /* Assets.xcassets */; };
		5B99D0D12BC9488A00E04216 /* Preview Assets.xcassets in Resources */ = {isa = PBXBuildFile; fileRef = 5B99D0D02BC9488A00E04216 /* Preview Assets.xcassets */; };
		5B99D0E02BC94D6000E04216 /* Astro.swift in Sources */ = {isa = PBXBuildFile; fileRef = 5B99D0D82BC94D6000E04216 /* Astro.swift */; };
		5B99D0E12BC94D6000E04216 /* Condition.swift in Sources */ = {isa = PBXBuildFile; fileRef = 5B99D0D92BC94D6000E04216 /* Condition.swift */; };
		5B99D0E22BC94D6000E04216 /* Forecast.swift in Sources */ = {isa = PBXBuildFile; fileRef = 5B99D0DA2BC94D6000E04216 /* Forecast.swift */; };
		5B99D0E32BC94D6000E04216 /* LocationForecast.swift in Sources */ = {isa = PBXBuildFile; fileRef = 5B99D0DB2BC94D6000E04216 /* LocationForecast.swift */; };
		5B99D0E42BC94D6000E04216 /* Day.swift in Sources */ = {isa = PBXBuildFile; fileRef = 5B99D0DC2BC94D6000E04216 /* Day.swift */; };
		5B99D0E52BC94D6000E04216 /* ForeCastDay.swift in Sources */ = {isa = PBXBuildFile; fileRef = 5B99D0DD2BC94D6000E04216 /* ForeCastDay.swift */; };
		5B99D0E62BC94D6000E04216 /* Location.swift in Sources */ = {isa = PBXBuildFile; fileRef = 5B99D0DE2BC94D6000E04216 /* Location.swift */; };
		5B99D0E72BC94D6000E04216 /* Hour.swift in Sources */ = {isa = PBXBuildFile; fileRef = 5B99D0DF2BC94D6000E04216 /* Hour.swift */; };
		5B99D0E92BC9524800E04216 /* WeatherView.swift in Sources */ = {isa = PBXBuildFile; fileRef = 5B99D0E82BC9524800E04216 /* WeatherView.swift */; };
		5B99D0EB2BC9542A00E04216 /* WeatherDashboardViewModel.swift in Sources */ = {isa = PBXBuildFile; fileRef = 5B99D0EA2BC9542A00E04216 /* WeatherDashboardViewModel.swift */; };
		5B99D0EE2BC955D000E04216 /* NetworkManager.swift in Sources */ = {isa = PBXBuildFile; fileRef = 5B99D0ED2BC955D000E04216 /* NetworkManager.swift */; };
		5B99D0FB2BC9674900E04216 /* NetworkServiceError.swift in Sources */ = {isa = PBXBuildFile; fileRef = 5B99D0FA2BC9674900E04216 /* NetworkServiceError.swift */; };
		5B99D1022BC9767500E04216 /* HistoryIntegrationService.swift in Sources */ = {isa = PBXBuildFile; fileRef = 5B99D1012BC9767500E04216 /* HistoryIntegrationService.swift */; };
		5B99D1062BC9770E00E04216 /* Constants.swift in Sources */ = {isa = PBXBuildFile; fileRef = 5B99D1052BC9770E00E04216 /* Constants.swift */; };
		5B99D1082BC978FA00E04216 /* HistoryIntegrationUseCase.swift in Sources */ = {isa = PBXBuildFile; fileRef = 5B99D1072BC978FA00E04216 /* HistoryIntegrationUseCase.swift */; };
		5B99D10C2BC97F7100E04216 /* Date+Extension.swift in Sources */ = {isa = PBXBuildFile; fileRef = 5B99D10B2BC97F7100E04216 /* Date+Extension.swift */; };
		5BB131882BCD376C006FD11F /* Alamofire in Frameworks */ = {isa = PBXBuildFile; productRef = 5BB131872BCD376C006FD11F /* Alamofire */; };
		5BB1318B2BCD377A006FD11F /* Kingfisher in Frameworks */ = {isa = PBXBuildFile; productRef = 5BB1318A2BCD377A006FD11F /* Kingfisher */; };
		5BB1318F2BCD43C8006FD11F /* Launch Screen.storyboard in Resources */ = {isa = PBXBuildFile; fileRef = 5BB1318E2BCD43C8006FD11F /* Launch Screen.storyboard */; };
		5BD45C312BCCE43B0062BF61 /* Utils.swift in Sources */ = {isa = PBXBuildFile; fileRef = 5BD45C282BCCE43B0062BF61 /* Utils.swift */; };
		5BD45C322BCCE43B0062BF61 /* XCTestCase+Extensions.swift in Sources */ = {isa = PBXBuildFile; fileRef = 5BD45C292BCCE43B0062BF61 /* XCTestCase+Extensions.swift */; };
		5BD45C332BCCE43B0062BF61 /* LocationForecast.json in Resources */ = {isa = PBXBuildFile; fileRef = 5BD45C2B2BCCE43B0062BF61 /* LocationForecast.json */; };
		5BD45C342BCCE43B0062BF61 /* MockHistoryIntegrationService.swift in Sources */ = {isa = PBXBuildFile; fileRef = 5BD45C2D2BCCE43B0062BF61 /* MockHistoryIntegrationService.swift */; };
		5BD45C352BCCE43B0062BF61 /* MockHistoryResponseProvider.swift in Sources */ = {isa = PBXBuildFile; fileRef = 5BD45C2E2BCCE43B0062BF61 /* MockHistoryResponseProvider.swift */; };
		5BD45C362BCCE43B0062BF61 /* WeatherDashboardViewModelTests.swift in Sources */ = {isa = PBXBuildFile; fileRef = 5BD45C2F2BCCE43B0062BF61 /* WeatherDashboardViewModelTests.swift */; };
		5BD45C392BCCEDE50062BF61 /* SearchLocationViewModelTests.swift in Sources */ = {isa = PBXBuildFile; fileRef = 5BD45C382BCCEDE50062BF61 /* SearchLocationViewModelTests.swift */; };
		5BD45C3C2BCCEE590062BF61 /* Cities.json in Resources */ = {isa = PBXBuildFile; fileRef = 5BD45C3B2BCCEE590062BF61 /* Cities.json */; };
		5BD45C3E2BCCEE920062BF61 /* MockCityResponseProvider.swift in Sources */ = {isa = PBXBuildFile; fileRef = 5BD45C3D2BCCEE920062BF61 /* MockCityResponseProvider.swift */; };
		5BD45C402BCCF4470062BF61 /* DateFormatterManager.swift in Sources */ = {isa = PBXBuildFile; fileRef = 5BD45C3F2BCCF4470062BF61 /* DateFormatterManager.swift */; };
		5BD45C442BCD1B2F0062BF61 /* Config.swift in Sources */ = {isa = PBXBuildFile; fileRef = 5BD45C432BCD1B2F0062BF61 /* Config.swift */; };
		5BD45C462BCD1F8E0062BF61 /* ToastView.swift in Sources */ = {isa = PBXBuildFile; fileRef = 5BD45C452BCD1F8E0062BF61 /* ToastView.swift */; };
		5BD45C4A2BCD21A30062BF61 /* MessageView.swift in Sources */ = {isa = PBXBuildFile; fileRef = 5BD45C492BCD21A30062BF61 /* MessageView.swift */; };
		5BE6042A2BCA67D700313189 /* Colors.xcassets in Resources */ = {isa = PBXBuildFile; fileRef = 5BE604292BCA67D700313189 /* Colors.xcassets */; };
		5BE6042F2BCA74B500313189 /* LoadingView.swift in Sources */ = {isa = PBXBuildFile; fileRef = 5BE6042E2BCA74B500313189 /* LoadingView.swift */; };
		5BE604312BCA842100313189 /* MoreInfoView.swift in Sources */ = {isa = PBXBuildFile; fileRef = 5BE604302BCA842100313189 /* MoreInfoView.swift */; };
		5BE604332BCA881E00313189 /* WeatherDashboardView.swift in Sources */ = {isa = PBXBuildFile; fileRef = 5BE604322BCA881E00313189 /* WeatherDashboardView.swift */; };
		5BE604412BCA9B7000313189 /* Int+Extension.swift in Sources */ = {isa = PBXBuildFile; fileRef = 5BE604402BCA9B7000313189 /* Int+Extension.swift */; };
		5BE604432BCA9B9500313189 /* Double+Extension.swift in Sources */ = {isa = PBXBuildFile; fileRef = 5BE604422BCA9B9500313189 /* Double+Extension.swift */; };
		5BE604472BCAA54B00313189 /* UserDefaults+Extensions.swift in Sources */ = {isa = PBXBuildFile; fileRef = 5BE604462BCAA54B00313189 /* UserDefaults+Extensions.swift */; };
		5BE6044B2BCAA60D00313189 /* AppUserDefaults.swift in Sources */ = {isa = PBXBuildFile; fileRef = 5BE6044A2BCAA60D00313189 /* AppUserDefaults.swift */; };
/* End PBXBuildFile section */

/* Begin PBXContainerItemProxy section */
		5B5F256C2BCCBCB80078270D /* PBXContainerItemProxy */ = {
			isa = PBXContainerItemProxy;
			containerPortal = 5B99D0BE2BC9488700E04216 /* Project object */;
			proxyType = 1;
			remoteGlobalIDString = 5B99D0C52BC9488800E04216;
			remoteInfo = WeatherForecastApp;
		};
/* End PBXContainerItemProxy section */

/* Begin PBXFileReference section */
		5B1D427B2BCAF0C60065F587 /* SearchLocationView.swift */ = {isa = PBXFileReference; lastKnownFileType = sourcecode.swift; path = SearchLocationView.swift; sourceTree = "<group>"; };
		5B1D427F2BCAFC8D0065F587 /* View+Extension.swift */ = {isa = PBXFileReference; lastKnownFileType = sourcecode.swift; path = "View+Extension.swift"; sourceTree = "<group>"; };
		5B1D42822BCB848E0065F587 /* Cities.json */ = {isa = PBXFileReference; fileEncoding = 4; lastKnownFileType = text.json; path = Cities.json; sourceTree = "<group>"; };
		5B1D42852BCB855E0065F587 /* SearchLocationViewModel.swift */ = {isa = PBXFileReference; lastKnownFileType = sourcecode.swift; path = SearchLocationViewModel.swift; sourceTree = "<group>"; };
		5B1D42872BCB85890065F587 /* City.swift */ = {isa = PBXFileReference; lastKnownFileType = sourcecode.swift; path = City.swift; sourceTree = "<group>"; };
		5B1D42892BCC28B20065F587 /* String+Extension.swift */ = {isa = PBXFileReference; lastKnownFileType = sourcecode.swift; path = "String+Extension.swift"; sourceTree = "<group>"; };
		5B2DBB9F2BCD5EE30072B034 /* LocationManager.swift */ = {isa = PBXFileReference; fileEncoding = 4; lastKnownFileType = sourcecode.swift; path = LocationManager.swift; sourceTree = "<group>"; };
		5B5F25682BCCBCB80078270D /* WeatherForecastAppTests.xctest */ = {isa = PBXFileReference; explicitFileType = wrapper.cfbundle; includeInIndex = 0; path = WeatherForecastAppTests.xctest; sourceTree = BUILT_PRODUCTS_DIR; };
		5B99D0C62BC9488800E04216 /* WeatherForecastApp.app */ = {isa = PBXFileReference; explicitFileType = wrapper.application; includeInIndex = 0; path = WeatherForecastApp.app; sourceTree = BUILT_PRODUCTS_DIR; };
		5B99D0C92BC9488800E04216 /* WeatherForecastAppApp.swift */ = {isa = PBXFileReference; lastKnownFileType = sourcecode.swift; path = WeatherForecastAppApp.swift; sourceTree = "<group>"; };
		5B99D0CD2BC9488A00E04216 /* Assets.xcassets */ = {isa = PBXFileReference; lastKnownFileType = folder.assetcatalog; path = Assets.xcassets; sourceTree = "<group>"; };
		5B99D0D02BC9488A00E04216 /* Preview Assets.xcassets */ = {isa = PBXFileReference; lastKnownFileType = folder.assetcatalog; path = "Preview Assets.xcassets"; sourceTree = "<group>"; };
		5B99D0D82BC94D6000E04216 /* Astro.swift */ = {isa = PBXFileReference; fileEncoding = 4; lastKnownFileType = sourcecode.swift; path = Astro.swift; sourceTree = "<group>"; };
		5B99D0D92BC94D6000E04216 /* Condition.swift */ = {isa = PBXFileReference; fileEncoding = 4; lastKnownFileType = sourcecode.swift; path = Condition.swift; sourceTree = "<group>"; };
		5B99D0DA2BC94D6000E04216 /* Forecast.swift */ = {isa = PBXFileReference; fileEncoding = 4; lastKnownFileType = sourcecode.swift; path = Forecast.swift; sourceTree = "<group>"; };
		5B99D0DB2BC94D6000E04216 /* LocationForecast.swift */ = {isa = PBXFileReference; fileEncoding = 4; lastKnownFileType = sourcecode.swift; path = LocationForecast.swift; sourceTree = "<group>"; };
		5B99D0DC2BC94D6000E04216 /* Day.swift */ = {isa = PBXFileReference; fileEncoding = 4; lastKnownFileType = sourcecode.swift; path = Day.swift; sourceTree = "<group>"; };
		5B99D0DD2BC94D6000E04216 /* ForeCastDay.swift */ = {isa = PBXFileReference; fileEncoding = 4; lastKnownFileType = sourcecode.swift; path = ForeCastDay.swift; sourceTree = "<group>"; };
		5B99D0DE2BC94D6000E04216 /* Location.swift */ = {isa = PBXFileReference; fileEncoding = 4; lastKnownFileType = sourcecode.swift; path = Location.swift; sourceTree = "<group>"; };
		5B99D0DF2BC94D6000E04216 /* Hour.swift */ = {isa = PBXFileReference; fileEncoding = 4; lastKnownFileType = sourcecode.swift; path = Hour.swift; sourceTree = "<group>"; };
		5B99D0E82BC9524800E04216 /* WeatherView.swift */ = {isa = PBXFileReference; lastKnownFileType = sourcecode.swift; path = WeatherView.swift; sourceTree = "<group>"; };
		5B99D0EA2BC9542A00E04216 /* WeatherDashboardViewModel.swift */ = {isa = PBXFileReference; lastKnownFileType = sourcecode.swift; path = WeatherDashboardViewModel.swift; sourceTree = "<group>"; };
		5B99D0ED2BC955D000E04216 /* NetworkManager.swift */ = {isa = PBXFileReference; lastKnownFileType = sourcecode.swift; path = NetworkManager.swift; sourceTree = "<group>"; };
		5B99D0FA2BC9674900E04216 /* NetworkServiceError.swift */ = {isa = PBXFileReference; lastKnownFileType = sourcecode.swift; path = NetworkServiceError.swift; sourceTree = "<group>"; };
		5B99D1012BC9767500E04216 /* HistoryIntegrationService.swift */ = {isa = PBXFileReference; lastKnownFileType = sourcecode.swift; path = HistoryIntegrationService.swift; sourceTree = "<group>"; };
		5B99D1052BC9770E00E04216 /* Constants.swift */ = {isa = PBXFileReference; lastKnownFileType = sourcecode.swift; path = Constants.swift; sourceTree = "<group>"; };
		5B99D1072BC978FA00E04216 /* HistoryIntegrationUseCase.swift */ = {isa = PBXFileReference; lastKnownFileType = sourcecode.swift; path = HistoryIntegrationUseCase.swift; sourceTree = "<group>"; };
		5B99D10B2BC97F7100E04216 /* Date+Extension.swift */ = {isa = PBXFileReference; lastKnownFileType = sourcecode.swift; path = "Date+Extension.swift"; sourceTree = "<group>"; };
		5BB1318E2BCD43C8006FD11F /* Launch Screen.storyboard */ = {isa = PBXFileReference; lastKnownFileType = file.storyboard; path = "Launch Screen.storyboard"; sourceTree = "<group>"; };
		5BD45C282BCCE43B0062BF61 /* Utils.swift */ = {isa = PBXFileReference; fileEncoding = 4; lastKnownFileType = sourcecode.swift; path = Utils.swift; sourceTree = "<group>"; };
		5BD45C292BCCE43B0062BF61 /* XCTestCase+Extensions.swift */ = {isa = PBXFileReference; fileEncoding = 4; lastKnownFileType = sourcecode.swift; path = "XCTestCase+Extensions.swift"; sourceTree = "<group>"; };
		5BD45C2B2BCCE43B0062BF61 /* LocationForecast.json */ = {isa = PBXFileReference; fileEncoding = 4; lastKnownFileType = text.json; path = LocationForecast.json; sourceTree = "<group>"; };
		5BD45C2D2BCCE43B0062BF61 /* MockHistoryIntegrationService.swift */ = {isa = PBXFileReference; fileEncoding = 4; lastKnownFileType = sourcecode.swift; path = MockHistoryIntegrationService.swift; sourceTree = "<group>"; };
		5BD45C2E2BCCE43B0062BF61 /* MockHistoryResponseProvider.swift */ = {isa = PBXFileReference; fileEncoding = 4; lastKnownFileType = sourcecode.swift; path = MockHistoryResponseProvider.swift; sourceTree = "<group>"; };
		5BD45C2F2BCCE43B0062BF61 /* WeatherDashboardViewModelTests.swift */ = {isa = PBXFileReference; fileEncoding = 4; lastKnownFileType = sourcecode.swift; path = WeatherDashboardViewModelTests.swift; sourceTree = "<group>"; };
		5BD45C382BCCEDE50062BF61 /* SearchLocationViewModelTests.swift */ = {isa = PBXFileReference; lastKnownFileType = sourcecode.swift; path = SearchLocationViewModelTests.swift; sourceTree = "<group>"; };
		5BD45C3B2BCCEE590062BF61 /* Cities.json */ = {isa = PBXFileReference; fileEncoding = 4; lastKnownFileType = text.json; path = Cities.json; sourceTree = "<group>"; };
		5BD45C3D2BCCEE920062BF61 /* MockCityResponseProvider.swift */ = {isa = PBXFileReference; lastKnownFileType = sourcecode.swift; path = MockCityResponseProvider.swift; sourceTree = "<group>"; };
		5BD45C3F2BCCF4470062BF61 /* DateFormatterManager.swift */ = {isa = PBXFileReference; lastKnownFileType = sourcecode.swift; path = DateFormatterManager.swift; sourceTree = "<group>"; };
		5BD45C432BCD1B2F0062BF61 /* Config.swift */ = {isa = PBXFileReference; lastKnownFileType = sourcecode.swift; path = Config.swift; sourceTree = "<group>"; };
		5BD45C452BCD1F8E0062BF61 /* ToastView.swift */ = {isa = PBXFileReference; lastKnownFileType = sourcecode.swift; path = ToastView.swift; sourceTree = "<group>"; };
		5BD45C492BCD21A30062BF61 /* MessageView.swift */ = {isa = PBXFileReference; lastKnownFileType = sourcecode.swift; path = MessageView.swift; sourceTree = "<group>"; };
		5BE604292BCA67D700313189 /* Colors.xcassets */ = {isa = PBXFileReference; lastKnownFileType = folder.assetcatalog; path = Colors.xcassets; sourceTree = "<group>"; };
		5BE6042E2BCA74B500313189 /* LoadingView.swift */ = {isa = PBXFileReference; lastKnownFileType = sourcecode.swift; path = LoadingView.swift; sourceTree = "<group>"; };
		5BE604302BCA842100313189 /* MoreInfoView.swift */ = {isa = PBXFileReference; lastKnownFileType = sourcecode.swift; path = MoreInfoView.swift; sourceTree = "<group>"; };
		5BE604322BCA881E00313189 /* WeatherDashboardView.swift */ = {isa = PBXFileReference; lastKnownFileType = sourcecode.swift; path = WeatherDashboardView.swift; sourceTree = "<group>"; };
		5BE604402BCA9B7000313189 /* Int+Extension.swift */ = {isa = PBXFileReference; lastKnownFileType = sourcecode.swift; path = "Int+Extension.swift"; sourceTree = "<group>"; };
		5BE604422BCA9B9500313189 /* Double+Extension.swift */ = {isa = PBXFileReference; lastKnownFileType = sourcecode.swift; path = "Double+Extension.swift"; sourceTree = "<group>"; };
		5BE604442BCA9F2C00313189 /* Info.plist */ = {isa = PBXFileReference; lastKnownFileType = text.plist; path = Info.plist; sourceTree = "<group>"; };
		5BE604462BCAA54B00313189 /* UserDefaults+Extensions.swift */ = {isa = PBXFileReference; lastKnownFileType = sourcecode.swift; path = "UserDefaults+Extensions.swift"; sourceTree = "<group>"; };
		5BE6044A2BCAA60D00313189 /* AppUserDefaults.swift */ = {isa = PBXFileReference; lastKnownFileType = sourcecode.swift; path = AppUserDefaults.swift; sourceTree = "<group>"; };
/* End PBXFileReference section */

/* Begin PBXFrameworksBuildPhase section */
		5B5F25652BCCBCB80078270D /* Frameworks */ = {
			isa = PBXFrameworksBuildPhase;
			buildActionMask = 2147483647;
			files = (
			);
			runOnlyForDeploymentPostprocessing = 0;
		};
		5B99D0C32BC9488800E04216 /* Frameworks */ = {
			isa = PBXFrameworksBuildPhase;
			buildActionMask = 2147483647;
			files = (
				5BB1318B2BCD377A006FD11F /* Kingfisher in Frameworks */,
				5BB131882BCD376C006FD11F /* Alamofire in Frameworks */,
			);
			runOnlyForDeploymentPostprocessing = 0;
		};
/* End PBXFrameworksBuildPhase section */

/* Begin PBXGroup section */
		5B1D42812BCB84790065F587 /* Cities */ = {
			isa = PBXGroup;
			children = (
				5B1D42822BCB848E0065F587 /* Cities.json */,
			);
			path = Cities;
			sourceTree = "<group>";
		};
		5B1D428B2BCC4CB80065F587 /* LocationForecast */ = {
			isa = PBXGroup;
			children = (
				5B99D0D82BC94D6000E04216 /* Astro.swift */,
				5B99D0D92BC94D6000E04216 /* Condition.swift */,
				5B99D0DC2BC94D6000E04216 /* Day.swift */,
				5B99D0DA2BC94D6000E04216 /* Forecast.swift */,
				5B99D0DD2BC94D6000E04216 /* ForeCastDay.swift */,
				5B99D0DF2BC94D6000E04216 /* Hour.swift */,
				5B99D0DB2BC94D6000E04216 /* LocationForecast.swift */,
				5B99D0DE2BC94D6000E04216 /* Location.swift */,
			);
			path = LocationForecast;
			sourceTree = "<group>";
		};
		5B1D428C2BCC4CD00065F587 /* City */ = {
			isa = PBXGroup;
			children = (
				5B1D42872BCB85890065F587 /* City.swift */,
			);
			path = City;
			sourceTree = "<group>";
		};
		5B5F25692BCCBCB80078270D /* WeatherForecastAppTests */ = {
			isa = PBXGroup;
			children = (
				5BD45C372BCCEDCC0062BF61 /* SearchLocationViewModelTests */,
				5BD45C2A2BCCE43B0062BF61 /* Utilities */,
				5BD45C302BCCE43B0062BF61 /* WeatherDashboardViewModelTests */,
			);
			path = WeatherForecastAppTests;
			sourceTree = "<group>";
		};
		5B99D0BD2BC9488700E04216 = {
			isa = PBXGroup;
			children = (
				5B99D0C82BC9488800E04216 /* WeatherForecastApp */,
				5B5F25692BCCBCB80078270D /* WeatherForecastAppTests */,
				5B99D0C72BC9488800E04216 /* Products */,
			);
			sourceTree = "<group>";
		};
		5B99D0C72BC9488800E04216 /* Products */ = {
			isa = PBXGroup;
			children = (
				5B99D0C62BC9488800E04216 /* WeatherForecastApp.app */,
				5B5F25682BCCBCB80078270D /* WeatherForecastAppTests.xctest */,
			);
			name = Products;
			sourceTree = "<group>";
		};
		5B99D0C82BC9488800E04216 /* WeatherForecastApp */ = {
			isa = PBXGroup;
			children = (
				5BE604442BCA9F2C00313189 /* Info.plist */,
				5B99D0C92BC9488800E04216 /* WeatherForecastAppApp.swift */,
				5BE604382BCA8BA200313189 /* Features */,
				5B99D10D2BC989E400E04216 /* Managers */,
				5B99D0D72BC94D4900E04216 /* Model */,
				5B99D0EC2BC955BE00E04216 /* Networking */,
				5B99D0CF2BC9488A00E04216 /* Preview Content */,
				5BE604362BCA8AB300313189 /* Resources */,
				5B99D10A2BC97F5800E04216 /* Utilities */,
			);
			path = WeatherForecastApp;
			sourceTree = "<group>";
		};
		5B99D0CF2BC9488A00E04216 /* Preview Content */ = {
			isa = PBXGroup;
			children = (
				5B99D0D02BC9488A00E04216 /* Preview Assets.xcassets */,
			);
			path = "Preview Content";
			sourceTree = "<group>";
		};
		5B99D0D72BC94D4900E04216 /* Model */ = {
			isa = PBXGroup;
			children = (
				5B1D428C2BCC4CD00065F587 /* City */,
				5B1D428B2BCC4CB80065F587 /* LocationForecast */,
			);
			path = Model;
			sourceTree = "<group>";
		};
		5B99D0EC2BC955BE00E04216 /* Networking */ = {
			isa = PBXGroup;
			children = (
				5B99D0ED2BC955D000E04216 /* NetworkManager.swift */,
				5B99D0FA2BC9674900E04216 /* NetworkServiceError.swift */,
			);
			path = Networking;
			sourceTree = "<group>";
		};
		5B99D1092BC97F4B00E04216 /* Extensions */ = {
			isa = PBXGroup;
			children = (
				5B99D10B2BC97F7100E04216 /* Date+Extension.swift */,
				5BE604422BCA9B9500313189 /* Double+Extension.swift */,
				5BE604402BCA9B7000313189 /* Int+Extension.swift */,
				5B1D42892BCC28B20065F587 /* String+Extension.swift */,
				5BE604462BCAA54B00313189 /* UserDefaults+Extensions.swift */,
				5B1D427F2BCAFC8D0065F587 /* View+Extension.swift */,
			);
			path = Extensions;
			sourceTree = "<group>";
		};
		5B99D10A2BC97F5800E04216 /* Utilities */ = {
			isa = PBXGroup;
			children = (
				5BE6044A2BCAA60D00313189 /* AppUserDefaults.swift */,
				5BD45C432BCD1B2F0062BF61 /* Config.swift */,
				5B99D1052BC9770E00E04216 /* Constants.swift */,
				5BE604372BCA8B1C00313189 /* CommonViews */,
				5B99D1092BC97F4B00E04216 /* Extensions */,
			);
			path = Utilities;
			sourceTree = "<group>";
		};
		5B99D10D2BC989E400E04216 /* Managers */ = {
			isa = PBXGroup;
			children = (
				5B2DBB9F2BCD5EE30072B034 /* LocationManager.swift */,
				5BD45C3F2BCCF4470062BF61 /* DateFormatterManager.swift */,
			);
			path = Managers;
			sourceTree = "<group>";
		};
		5BD45C2A2BCCE43B0062BF61 /* Utilities */ = {
			isa = PBXGroup;
			children = (
				5BD45C282BCCE43B0062BF61 /* Utils.swift */,
				5BD45C292BCCE43B0062BF61 /* XCTestCase+Extensions.swift */,
			);
			path = Utilities;
			sourceTree = "<group>";
		};
		5BD45C2C2BCCE43B0062BF61 /* Mock */ = {
			isa = PBXGroup;
			children = (
				5BD45C2B2BCCE43B0062BF61 /* LocationForecast.json */,
			);
			path = Mock;
			sourceTree = "<group>";
		};
		5BD45C302BCCE43B0062BF61 /* WeatherDashboardViewModelTests */ = {
			isa = PBXGroup;
			children = (
				5BD45C2D2BCCE43B0062BF61 /* MockHistoryIntegrationService.swift */,
				5BD45C2E2BCCE43B0062BF61 /* MockHistoryResponseProvider.swift */,
				5BD45C2F2BCCE43B0062BF61 /* WeatherDashboardViewModelTests.swift */,
				5BD45C2C2BCCE43B0062BF61 /* Mock */,
			);
			path = WeatherDashboardViewModelTests;
			sourceTree = "<group>";
		};
		5BD45C372BCCEDCC0062BF61 /* SearchLocationViewModelTests */ = {
			isa = PBXGroup;
			children = (
				5BD45C3D2BCCEE920062BF61 /* MockCityResponseProvider.swift */,
				5BD45C382BCCEDE50062BF61 /* SearchLocationViewModelTests.swift */,
				5BD45C3A2BCCEE3A0062BF61 /* Mock */,
			);
			path = SearchLocationViewModelTests;
			sourceTree = "<group>";
		};
		5BD45C3A2BCCEE3A0062BF61 /* Mock */ = {
			isa = PBXGroup;
			children = (
				5BD45C3B2BCCEE590062BF61 /* Cities.json */,
			);
			path = Mock;
			sourceTree = "<group>";
		};
		5BE604342BCA8A1700313189 /* WeatherDashboard */ = {
			isa = PBXGroup;
			children = (
				5BE604302BCA842100313189 /* MoreInfoView.swift */,
				5BE604322BCA881E00313189 /* WeatherDashboardView.swift */,
				5B99D0EA2BC9542A00E04216 /* WeatherDashboardViewModel.swift */,
				5B99D0E82BC9524800E04216 /* WeatherView.swift */,
				5BE604352BCA8A6700313189 /* UseCase */,
			);
			path = WeatherDashboard;
			sourceTree = "<group>";
		};
		5BE604352BCA8A6700313189 /* UseCase */ = {
			isa = PBXGroup;
			children = (
				5B99D1012BC9767500E04216 /* HistoryIntegrationService.swift */,
				5B99D1072BC978FA00E04216 /* HistoryIntegrationUseCase.swift */,
			);
			path = UseCase;
			sourceTree = "<group>";
		};
		5BE604362BCA8AB300313189 /* Resources */ = {
			isa = PBXGroup;
			children = (
				5B1D42812BCB84790065F587 /* Cities */,
				5B99D0CD2BC9488A00E04216 /* Assets.xcassets */,
				5BB1318E2BCD43C8006FD11F /* Launch Screen.storyboard */,
				5BE604292BCA67D700313189 /* Colors.xcassets */,
			);
			path = Resources;
			sourceTree = "<group>";
		};
		5BE604372BCA8B1C00313189 /* CommonViews */ = {
			isa = PBXGroup;
			children = (
				5BE6042E2BCA74B500313189 /* LoadingView.swift */,
				5BD45C452BCD1F8E0062BF61 /* ToastView.swift */,
				5BD45C492BCD21A30062BF61 /* MessageView.swift */,
			);
			path = CommonViews;
			sourceTree = "<group>";
		};
		5BE604382BCA8BA200313189 /* Features */ = {
			isa = PBXGroup;
			children = (
				5BE604452BCAA3C400313189 /* SearchLocation */,
				5BE604342BCA8A1700313189 /* WeatherDashboard */,
			);
			path = Features;
			sourceTree = "<group>";
		};
		5BE604452BCAA3C400313189 /* SearchLocation */ = {
			isa = PBXGroup;
			children = (
				5B1D427B2BCAF0C60065F587 /* SearchLocationView.swift */,
				5B1D42852BCB855E0065F587 /* SearchLocationViewModel.swift */,
			);
			name = SearchLocation;
			sourceTree = "<group>";
		};
/* End PBXGroup section */

/* Begin PBXNativeTarget section */
		5B5F25672BCCBCB80078270D /* WeatherForecastAppTests */ = {
			isa = PBXNativeTarget;
			buildConfigurationList = 5B5F25702BCCBCB80078270D /* Build configuration list for PBXNativeTarget "WeatherForecastAppTests" */;
			buildPhases = (
				5B5F25642BCCBCB80078270D /* Sources */,
				5B5F25652BCCBCB80078270D /* Frameworks */,
				5B5F25662BCCBCB80078270D /* Resources */,
			);
			buildRules = (
			);
			dependencies = (
				5B5F256D2BCCBCB80078270D /* PBXTargetDependency */,
			);
			name = WeatherForecastAppTests;
			productName = WeatherForecastAppTests;
			productReference = 5B5F25682BCCBCB80078270D /* WeatherForecastAppTests.xctest */;
			productType = "com.apple.product-type.bundle.unit-test";
		};
		5B99D0C52BC9488800E04216 /* WeatherForecastApp */ = {
			isa = PBXNativeTarget;
			buildConfigurationList = 5B99D0D42BC9488A00E04216 /* Build configuration list for PBXNativeTarget "WeatherForecastApp" */;
			buildPhases = (
				5B99D0C22BC9488800E04216 /* Sources */,
				5B99D0C32BC9488800E04216 /* Frameworks */,
				5B99D0C42BC9488800E04216 /* Resources */,
			);
			buildRules = (
			);
			dependencies = (
			);
			name = WeatherForecastApp;
			packageProductDependencies = (
				5BB131872BCD376C006FD11F /* Alamofire */,
				5BB1318A2BCD377A006FD11F /* Kingfisher */,
			);
			productName = WeatherForecastApp;
			productReference = 5B99D0C62BC9488800E04216 /* WeatherForecastApp.app */;
			productType = "com.apple.product-type.application";
		};
/* End PBXNativeTarget section */

/* Begin PBXProject section */
		5B99D0BE2BC9488700E04216 /* Project object */ = {
			isa = PBXProject;
			attributes = {
				BuildIndependentTargetsInParallel = 1;
				LastSwiftUpdateCheck = 1520;
				LastUpgradeCheck = 1520;
				TargetAttributes = {
					5B5F25672BCCBCB80078270D = {
						CreatedOnToolsVersion = 15.2;
						TestTargetID = 5B99D0C52BC9488800E04216;
					};
					5B99D0C52BC9488800E04216 = {
						CreatedOnToolsVersion = 15.2;
					};
				};
			};
			buildConfigurationList = 5B99D0C12BC9488700E04216 /* Build configuration list for PBXProject "WeatherForecastApp" */;
			compatibilityVersion = "Xcode 14.0";
			developmentRegion = en;
			hasScannedForEncodings = 0;
			knownRegions = (
				en,
				Base,
			);
			mainGroup = 5B99D0BD2BC9488700E04216;
			packageReferences = (
				5BB131862BCD376C006FD11F /* XCRemoteSwiftPackageReference "Alamofire" */,
				5BB131892BCD377A006FD11F /* XCRemoteSwiftPackageReference "Kingfisher" */,
			);
			productRefGroup = 5B99D0C72BC9488800E04216 /* Products */;
			projectDirPath = "";
			projectRoot = "";
			targets = (
				5B99D0C52BC9488800E04216 /* WeatherForecastApp */,
				5B5F25672BCCBCB80078270D /* WeatherForecastAppTests */,
			);
		};
/* End PBXProject section */

/* Begin PBXResourcesBuildPhase section */
		5B5F25662BCCBCB80078270D /* Resources */ = {
			isa = PBXResourcesBuildPhase;
			buildActionMask = 2147483647;
			files = (
				5BD45C3C2BCCEE590062BF61 /* Cities.json in Resources */,
				5BD45C332BCCE43B0062BF61 /* LocationForecast.json in Resources */,
			);
			runOnlyForDeploymentPostprocessing = 0;
		};
		5B99D0C42BC9488800E04216 /* Resources */ = {
			isa = PBXResourcesBuildPhase;
			buildActionMask = 2147483647;
			files = (
				5B1D42832BCB848E0065F587 /* Cities.json in Resources */,
				5BE6042A2BCA67D700313189 /* Colors.xcassets in Resources */,
				5B99D0D12BC9488A00E04216 /* Preview Assets.xcassets in Resources */,
				5BB1318F2BCD43C8006FD11F /* Launch Screen.storyboard in Resources */,
				5B99D0CE2BC9488A00E04216 /* Assets.xcassets in Resources */,
			);
			runOnlyForDeploymentPostprocessing = 0;
		};
/* End PBXResourcesBuildPhase section */

/* Begin PBXSourcesBuildPhase section */
		5B5F25642BCCBCB80078270D /* Sources */ = {
			isa = PBXSourcesBuildPhase;
			buildActionMask = 2147483647;
			files = (
				5BD45C322BCCE43B0062BF61 /* XCTestCase+Extensions.swift in Sources */,
				5BD45C312BCCE43B0062BF61 /* Utils.swift in Sources */,
				5BD45C352BCCE43B0062BF61 /* MockHistoryResponseProvider.swift in Sources */,
				5BD45C362BCCE43B0062BF61 /* WeatherDashboardViewModelTests.swift in Sources */,
				5BD45C3E2BCCEE920062BF61 /* MockCityResponseProvider.swift in Sources */,
				5BD45C392BCCEDE50062BF61 /* SearchLocationViewModelTests.swift in Sources */,
				5BD45C342BCCE43B0062BF61 /* MockHistoryIntegrationService.swift in Sources */,
			);
			runOnlyForDeploymentPostprocessing = 0;
		};
		5B99D0C22BC9488800E04216 /* Sources */ = {
			isa = PBXSourcesBuildPhase;
			buildActionMask = 2147483647;
			files = (
				5B99D0E92BC9524800E04216 /* WeatherView.swift in Sources */,
				5B1D427C2BCAF0C60065F587 /* SearchLocationView.swift in Sources */,
				5BE604332BCA881E00313189 /* WeatherDashboardView.swift in Sources */,
				5BE604312BCA842100313189 /* MoreInfoView.swift in Sources */,
				5B99D1022BC9767500E04216 /* HistoryIntegrationService.swift in Sources */,
				5B99D0EB2BC9542A00E04216 /* WeatherDashboardViewModel.swift in Sources */,
				5B99D0E42BC94D6000E04216 /* Day.swift in Sources */,
				5B99D0EE2BC955D000E04216 /* NetworkManager.swift in Sources */,
				5BE6042F2BCA74B500313189 /* LoadingView.swift in Sources */,
				5BE6044B2BCAA60D00313189 /* AppUserDefaults.swift in Sources */,
				5BE604412BCA9B7000313189 /* Int+Extension.swift in Sources */,
				5B99D0E72BC94D6000E04216 /* Hour.swift in Sources */,
				5BE604472BCAA54B00313189 /* UserDefaults+Extensions.swift in Sources */,
				5B99D0E52BC94D6000E04216 /* ForeCastDay.swift in Sources */,
				5B99D0FB2BC9674900E04216 /* NetworkServiceError.swift in Sources */,
				5BD45C402BCCF4470062BF61 /* DateFormatterManager.swift in Sources */,
				5B1D42862BCB855E0065F587 /* SearchLocationViewModel.swift in Sources */,
				5B99D0E12BC94D6000E04216 /* Condition.swift in Sources */,
				5B2DBBA02BCD5EE30072B034 /* LocationManager.swift in Sources */,
				5B99D1082BC978FA00E04216 /* HistoryIntegrationUseCase.swift in Sources */,
				5BD45C462BCD1F8E0062BF61 /* ToastView.swift in Sources */,
				5B99D0E62BC94D6000E04216 /* Location.swift in Sources */,
				5B99D1062BC9770E00E04216 /* Constants.swift in Sources */,
				5BD45C4A2BCD21A30062BF61 /* MessageView.swift in Sources */,
				5B99D0CA2BC9488800E04216 /* WeatherForecastAppApp.swift in Sources */,
				5B99D0E02BC94D6000E04216 /* Astro.swift in Sources */,
				5B99D0E22BC94D6000E04216 /* Forecast.swift in Sources */,
				5B1D42882BCB85890065F587 /* City.swift in Sources */,
				5BE604432BCA9B9500313189 /* Double+Extension.swift in Sources */,
				5B99D10C2BC97F7100E04216 /* Date+Extension.swift in Sources */,
				5B1D42802BCAFC8D0065F587 /* View+Extension.swift in Sources */,
				5BD45C442BCD1B2F0062BF61 /* Config.swift in Sources */,
				5B1D428A2BCC28B20065F587 /* String+Extension.swift in Sources */,
				5B99D0E32BC94D6000E04216 /* LocationForecast.swift in Sources */,
			);
			runOnlyForDeploymentPostprocessing = 0;
		};
/* End PBXSourcesBuildPhase section */

/* Begin PBXTargetDependency section */
		5B5F256D2BCCBCB80078270D /* PBXTargetDependency */ = {
			isa = PBXTargetDependency;
			target = 5B99D0C52BC9488800E04216 /* WeatherForecastApp */;
			targetProxy = 5B5F256C2BCCBCB80078270D /* PBXContainerItemProxy */;
		};
/* End PBXTargetDependency section */

/* Begin XCBuildConfiguration section */
		5B5F256E2BCCBCB80078270D /* Debug */ = {
			isa = XCBuildConfiguration;
			buildSettings = {
				BUNDLE_LOADER = "$(TEST_HOST)";
				CODE_SIGN_STYLE = Automatic;
				CURRENT_PROJECT_VERSION = 1;
				DEVELOPMENT_TEAM = HN2B5SQ38Q;
				GENERATE_INFOPLIST_FILE = YES;
				MARKETING_VERSION = 1.0;
				PRODUCT_BUNDLE_IDENTIFIER = com.WeatherForecastAppTests;
				PRODUCT_NAME = "$(TARGET_NAME)";
				SWIFT_EMIT_LOC_STRINGS = NO;
				SWIFT_VERSION = 5.0;
				TARGETED_DEVICE_FAMILY = "1,2";
				TEST_HOST = "$(BUILT_PRODUCTS_DIR)/WeatherForecastApp.app/$(BUNDLE_EXECUTABLE_FOLDER_PATH)/WeatherForecastApp";
			};
			name = Debug;
		};
		5B5F256F2BCCBCB80078270D /* Release */ = {
			isa = XCBuildConfiguration;
			buildSettings = {
				BUNDLE_LOADER = "$(TEST_HOST)";
				CODE_SIGN_STYLE = Automatic;
				CURRENT_PROJECT_VERSION = 1;
				DEVELOPMENT_TEAM = HN2B5SQ38Q;
				GENERATE_INFOPLIST_FILE = YES;
				MARKETING_VERSION = 1.0;
				PRODUCT_BUNDLE_IDENTIFIER = com.WeatherForecastAppTests;
				PRODUCT_NAME = "$(TARGET_NAME)";
				SWIFT_EMIT_LOC_STRINGS = NO;
				SWIFT_VERSION = 5.0;
				TARGETED_DEVICE_FAMILY = "1,2";
				TEST_HOST = "$(BUILT_PRODUCTS_DIR)/WeatherForecastApp.app/$(BUNDLE_EXECUTABLE_FOLDER_PATH)/WeatherForecastApp";
			};
			name = Release;
		};
		5B99D0D22BC9488A00E04216 /* Debug */ = {
			isa = XCBuildConfiguration;
			buildSettings = {
				ALWAYS_SEARCH_USER_PATHS = NO;
				ASSETCATALOG_COMPILER_GENERATE_SWIFT_ASSET_SYMBOL_EXTENSIONS = YES;
				CLANG_ANALYZER_NONNULL = YES;
				CLANG_ANALYZER_NUMBER_OBJECT_CONVERSION = YES_AGGRESSIVE;
				CLANG_CXX_LANGUAGE_STANDARD = "gnu++20";
				CLANG_ENABLE_MODULES = YES;
				CLANG_ENABLE_OBJC_ARC = YES;
				CLANG_ENABLE_OBJC_WEAK = YES;
				CLANG_WARN_BLOCK_CAPTURE_AUTORELEASING = YES;
				CLANG_WARN_BOOL_CONVERSION = YES;
				CLANG_WARN_COMMA = YES;
				CLANG_WARN_CONSTANT_CONVERSION = YES;
				CLANG_WARN_DEPRECATED_OBJC_IMPLEMENTATIONS = YES;
				CLANG_WARN_DIRECT_OBJC_ISA_USAGE = YES_ERROR;
				CLANG_WARN_DOCUMENTATION_COMMENTS = YES;
				CLANG_WARN_EMPTY_BODY = YES;
				CLANG_WARN_ENUM_CONVERSION = YES;
				CLANG_WARN_INFINITE_RECURSION = YES;
				CLANG_WARN_INT_CONVERSION = YES;
				CLANG_WARN_NON_LITERAL_NULL_CONVERSION = YES;
				CLANG_WARN_OBJC_IMPLICIT_RETAIN_SELF = YES;
				CLANG_WARN_OBJC_LITERAL_CONVERSION = YES;
				CLANG_WARN_OBJC_ROOT_CLASS = YES_ERROR;
				CLANG_WARN_QUOTED_INCLUDE_IN_FRAMEWORK_HEADER = YES;
				CLANG_WARN_RANGE_LOOP_ANALYSIS = YES;
				CLANG_WARN_STRICT_PROTOTYPES = YES;
				CLANG_WARN_SUSPICIOUS_MOVE = YES;
				CLANG_WARN_UNGUARDED_AVAILABILITY = YES_AGGRESSIVE;
				CLANG_WARN_UNREACHABLE_CODE = YES;
				CLANG_WARN__DUPLICATE_METHOD_MATCH = YES;
				COPY_PHASE_STRIP = NO;
				DEBUG_INFORMATION_FORMAT = dwarf;
				ENABLE_STRICT_OBJC_MSGSEND = YES;
				ENABLE_TESTABILITY = YES;
				ENABLE_USER_SCRIPT_SANDBOXING = YES;
				GCC_C_LANGUAGE_STANDARD = gnu17;
				GCC_DYNAMIC_NO_PIC = NO;
				GCC_NO_COMMON_BLOCKS = YES;
				GCC_OPTIMIZATION_LEVEL = 0;
				GCC_PREPROCESSOR_DEFINITIONS = (
					"DEBUG=1",
					"$(inherited)",
				);
				GCC_WARN_64_TO_32_BIT_CONVERSION = YES;
				GCC_WARN_ABOUT_RETURN_TYPE = YES_ERROR;
				GCC_WARN_UNDECLARED_SELECTOR = YES;
				GCC_WARN_UNINITIALIZED_AUTOS = YES_AGGRESSIVE;
				GCC_WARN_UNUSED_FUNCTION = YES;
				GCC_WARN_UNUSED_VARIABLE = YES;
				IPHONEOS_DEPLOYMENT_TARGET = 17.2;
				LOCALIZATION_PREFERS_STRING_CATALOGS = YES;
				MTL_ENABLE_DEBUG_INFO = INCLUDE_SOURCE;
				MTL_FAST_MATH = YES;
				ONLY_ACTIVE_ARCH = YES;
				SDKROOT = iphoneos;
				SWIFT_ACTIVE_COMPILATION_CONDITIONS = "DEBUG $(inherited)";
				SWIFT_OPTIMIZATION_LEVEL = "-Onone";
			};
			name = Debug;
		};
		5B99D0D32BC9488A00E04216 /* Release */ = {
			isa = XCBuildConfiguration;
			buildSettings = {
				ALWAYS_SEARCH_USER_PATHS = NO;
				ASSETCATALOG_COMPILER_GENERATE_SWIFT_ASSET_SYMBOL_EXTENSIONS = YES;
				CLANG_ANALYZER_NONNULL = YES;
				CLANG_ANALYZER_NUMBER_OBJECT_CONVERSION = YES_AGGRESSIVE;
				CLANG_CXX_LANGUAGE_STANDARD = "gnu++20";
				CLANG_ENABLE_MODULES = YES;
				CLANG_ENABLE_OBJC_ARC = YES;
				CLANG_ENABLE_OBJC_WEAK = YES;
				CLANG_WARN_BLOCK_CAPTURE_AUTORELEASING = YES;
				CLANG_WARN_BOOL_CONVERSION = YES;
				CLANG_WARN_COMMA = YES;
				CLANG_WARN_CONSTANT_CONVERSION = YES;
				CLANG_WARN_DEPRECATED_OBJC_IMPLEMENTATIONS = YES;
				CLANG_WARN_DIRECT_OBJC_ISA_USAGE = YES_ERROR;
				CLANG_WARN_DOCUMENTATION_COMMENTS = YES;
				CLANG_WARN_EMPTY_BODY = YES;
				CLANG_WARN_ENUM_CONVERSION = YES;
				CLANG_WARN_INFINITE_RECURSION = YES;
				CLANG_WARN_INT_CONVERSION = YES;
				CLANG_WARN_NON_LITERAL_NULL_CONVERSION = YES;
				CLANG_WARN_OBJC_IMPLICIT_RETAIN_SELF = YES;
				CLANG_WARN_OBJC_LITERAL_CONVERSION = YES;
				CLANG_WARN_OBJC_ROOT_CLASS = YES_ERROR;
				CLANG_WARN_QUOTED_INCLUDE_IN_FRAMEWORK_HEADER = YES;
				CLANG_WARN_RANGE_LOOP_ANALYSIS = YES;
				CLANG_WARN_STRICT_PROTOTYPES = YES;
				CLANG_WARN_SUSPICIOUS_MOVE = YES;
				CLANG_WARN_UNGUARDED_AVAILABILITY = YES_AGGRESSIVE;
				CLANG_WARN_UNREACHABLE_CODE = YES;
				CLANG_WARN__DUPLICATE_METHOD_MATCH = YES;
				COPY_PHASE_STRIP = NO;
				DEBUG_INFORMATION_FORMAT = "dwarf-with-dsym";
				ENABLE_NS_ASSERTIONS = NO;
				ENABLE_STRICT_OBJC_MSGSEND = YES;
				ENABLE_USER_SCRIPT_SANDBOXING = YES;
				GCC_C_LANGUAGE_STANDARD = gnu17;
				GCC_NO_COMMON_BLOCKS = YES;
				GCC_WARN_64_TO_32_BIT_CONVERSION = YES;
				GCC_WARN_ABOUT_RETURN_TYPE = YES_ERROR;
				GCC_WARN_UNDECLARED_SELECTOR = YES;
				GCC_WARN_UNINITIALIZED_AUTOS = YES_AGGRESSIVE;
				GCC_WARN_UNUSED_FUNCTION = YES;
				GCC_WARN_UNUSED_VARIABLE = YES;
				IPHONEOS_DEPLOYMENT_TARGET = 17.2;
				LOCALIZATION_PREFERS_STRING_CATALOGS = YES;
				MTL_ENABLE_DEBUG_INFO = NO;
				MTL_FAST_MATH = YES;
				SDKROOT = iphoneos;
				SWIFT_COMPILATION_MODE = wholemodule;
				VALIDATE_PRODUCT = YES;
			};
			name = Release;
		};
		5B99D0D52BC9488A00E04216 /* Debug */ = {
			isa = XCBuildConfiguration;
			buildSettings = {
				API_KEY = 096681c40a984ffc81e95358241204;
				ASSETCATALOG_COMPILER_APPICON_NAME = AppIcon;
				ASSETCATALOG_COMPILER_GLOBAL_ACCENT_COLOR_NAME = AccentColor;
				CODE_SIGN_STYLE = Automatic;
				CURRENT_PROJECT_VERSION = 1;
				DEVELOPMENT_ASSET_PATHS = "\"WeatherForecastApp/Preview Content\"";
				DEVELOPMENT_TEAM = HN2B5SQ38Q;
				ENABLE_PREVIEWS = YES;
				GENERATE_INFOPLIST_FILE = YES;
				INFOPLIST_FILE = WeatherForecastApp/Info.plist;
				INFOPLIST_KEY_UIApplicationSceneManifest_Generation = YES;
				INFOPLIST_KEY_UIApplicationSupportsIndirectInputEvents = YES;
				INFOPLIST_KEY_UILaunchStoryboardName = "Launch Screen.storyboard";
				INFOPLIST_KEY_UISupportedInterfaceOrientations = UIInterfaceOrientationPortrait;
				LD_RUNPATH_SEARCH_PATHS = (
					"$(inherited)",
					"@executable_path/Frameworks",
				);
				MARKETING_VERSION = 1.0;
				PRODUCT_BUNDLE_IDENTIFIER = com.WeatherForecastApp;
				PRODUCT_NAME = "$(TARGET_NAME)";
				SWIFT_EMIT_LOC_STRINGS = YES;
				SWIFT_VERSION = 5.0;
				TARGETED_DEVICE_FAMILY = "1,2";
			};
			name = Debug;
		};
		5B99D0D62BC9488A00E04216 /* Release */ = {
			isa = XCBuildConfiguration;
			buildSettings = {
				API_KEY = 096681c40a984ffc81e95358241204;
				ASSETCATALOG_COMPILER_APPICON_NAME = AppIcon;
				ASSETCATALOG_COMPILER_GLOBAL_ACCENT_COLOR_NAME = AccentColor;
				CODE_SIGN_STYLE = Automatic;
				CURRENT_PROJECT_VERSION = 1;
				DEVELOPMENT_ASSET_PATHS = "\"WeatherForecastApp/Preview Content\"";
				DEVELOPMENT_TEAM = HN2B5SQ38Q;
				ENABLE_PREVIEWS = YES;
				GENERATE_INFOPLIST_FILE = YES;
				INFOPLIST_FILE = WeatherForecastApp/Info.plist;
				INFOPLIST_KEY_UIApplicationSceneManifest_Generation = YES;
				INFOPLIST_KEY_UIApplicationSupportsIndirectInputEvents = YES;
				INFOPLIST_KEY_UILaunchStoryboardName = "Launch Screen.storyboard";
				INFOPLIST_KEY_UISupportedInterfaceOrientations = UIInterfaceOrientationPortrait;
				LD_RUNPATH_SEARCH_PATHS = (
					"$(inherited)",
					"@executable_path/Frameworks",
				);
				MARKETING_VERSION = 1.0;
				PRODUCT_BUNDLE_IDENTIFIER = com.WeatherForecastApp;
				PRODUCT_NAME = "$(TARGET_NAME)";
				SWIFT_EMIT_LOC_STRINGS = YES;
				SWIFT_VERSION = 5.0;
				TARGETED_DEVICE_FAMILY = "1,2";
			};
			name = Release;
		};
/* End XCBuildConfiguration section */

/* Begin XCConfigurationList section */
		5B5F25702BCCBCB80078270D /* Build configuration list for PBXNativeTarget "WeatherForecastAppTests" */ = {
			isa = XCConfigurationList;
			buildConfigurations = (
				5B5F256E2BCCBCB80078270D /* Debug */,
				5B5F256F2BCCBCB80078270D /* Release */,
			);
			defaultConfigurationIsVisible = 0;
			defaultConfigurationName = Release;
		};
		5B99D0C12BC9488700E04216 /* Build configuration list for PBXProject "WeatherForecastApp" */ = {
			isa = XCConfigurationList;
			buildConfigurations = (
				5B99D0D22BC9488A00E04216 /* Debug */,
				5B99D0D32BC9488A00E04216 /* Release */,
			);
			defaultConfigurationIsVisible = 0;
			defaultConfigurationName = Release;
		};
		5B99D0D42BC9488A00E04216 /* Build configuration list for PBXNativeTarget "WeatherForecastApp" */ = {
			isa = XCConfigurationList;
			buildConfigurations = (
				5B99D0D52BC9488A00E04216 /* Debug */,
				5B99D0D62BC9488A00E04216 /* Release */,
			);
			defaultConfigurationIsVisible = 0;
			defaultConfigurationName = Release;
		};
/* End XCConfigurationList section */

/* Begin XCRemoteSwiftPackageReference section */
		5BB131862BCD376C006FD11F /* XCRemoteSwiftPackageReference "Alamofire" */ = {
			isa = XCRemoteSwiftPackageReference;
			repositoryURL = "https://github.com/Alamofire/Alamofire.git";
			requirement = {
				kind = upToNextMajorVersion;
				minimumVersion = 5.9.1;
			};
		};
		5BB131892BCD377A006FD11F /* XCRemoteSwiftPackageReference "Kingfisher" */ = {
			isa = XCRemoteSwiftPackageReference;
			repositoryURL = "https://github.com/onevcat/Kingfisher.git";
			requirement = {
				kind = upToNextMajorVersion;
				minimumVersion = 7.11.0;
			};
		};
/* End XCRemoteSwiftPackageReference section */

/* Begin XCSwiftPackageProductDependency section */
		5BB131872BCD376C006FD11F /* Alamofire */ = {
			isa = XCSwiftPackageProductDependency;
			package = 5BB131862BCD376C006FD11F /* XCRemoteSwiftPackageReference "Alamofire" */;
			productName = Alamofire;
		};
		5BB1318A2BCD377A006FD11F /* Kingfisher */ = {
			isa = XCSwiftPackageProductDependency;
			package = 5BB131892BCD377A006FD11F /* XCRemoteSwiftPackageReference "Kingfisher" */;
			productName = Kingfisher;
		};
/* End XCSwiftPackageProductDependency section */
	};
	rootObject = 5B99D0BE2BC9488700E04216 /* Project object */;
}
